
Microsoft Visual Studio Solution File, Format Version 12.00
# Visual Studio Version 17
VisualStudioVersion = 17.0.32112.339
MinimumVisualStudioVersion = 10.0.40219.1
Project("{FAE04EC0-301F-11D3-BF4B-00C04F79EFBC}") = "Divisions", "Divisions\Divisions.csproj", "{E283B233-2AEE-4841-B4A8-B7AB5B70CB55}"
EndProject
Global
	GlobalSection(SolutionConfigurationPlatforms) = preSolution
		Debug|Any CPU = Debug|Any CPU
		Release|Any CPU = Release|Any CPU
	EndGlobalSection
	GlobalSection(ProjectConfigurationPlatforms) = postSolution
		{E283B233-2AEE-4841-B4A8-B7AB5B70CB55}.Debug|Any CPU.ActiveCfg = Debug|Any CPU
		{E283B233-2AEE-4841-B4A8-B7AB5B70CB55}.Debug|Any CPU.Build.0 = Debug|Any CPU
		{E283B233-2AEE-4841-B4A8-B7AB5B70CB55}.Release|Any CPU.ActiveCfg = Release|Any CPU
		{E283B233-2AEE-4841-B4A8-B7AB5B70CB55}.Release|Any CPU.Build.0 = Release|Any CPU
	EndGlobalSection
	GlobalSection(SolutionProperties) = preSolution
		HideSolutionNode = FALSE
	EndGlobalSection
	GlobalSection(ExtensibilityGlobals) = postSolution
		SolutionGuid = {CD0A71EC-DFC0-4875-871E-67F62C9E2E6F}
	EndGlobalSection
EndGlobal
